
Microsoft Visual Studio Solution File, Format Version 12.00
# Visual Studio 15
VisualStudioVersion = 15.0.27703.2026
MinimumVisualStudioVersion = 10.0.40219.1
Project("{888888A0-9F3D-457C-B088-3A5042F75D52}") = "azure-nsg-visualisation", "azure-nsg-visualisation\azure-nsg-visualisation.pyproj", "{650C70C7-E7BD-46A9-B14B-CA47EDE6DDB3}"
EndProject
Global
	GlobalSection(SolutionConfigurationPlatforms) = preSolution
		Debug|Any CPU = Debug|Any CPU
		Release|Any CPU = Release|Any CPU
	EndGlobalSection
	GlobalSection(ProjectConfigurationPlatforms) = postSolution
		{650C70C7-E7BD-46A9-B14B-CA47EDE6DDB3}.Debug|Any CPU.ActiveCfg = Debug|Any CPU
		{650C70C7-E7BD-46A9-B14B-CA47EDE6DDB3}.Release|Any CPU.ActiveCfg = Release|Any CPU
	EndGlobalSection
	GlobalSection(SolutionProperties) = preSolution
		HideSolutionNode = FALSE
	EndGlobalSection
	GlobalSection(ExtensibilityGlobals) = postSolution
		SolutionGuid = {29A3ADA6-1937-473B-95CB-39D767AA6B4B}
	EndGlobalSection
EndGlobal
